
Microsoft Visual Studio Solution File, Format Version 12.00
# Visual Studio Version 17
VisualStudioVersion = 17.0.31903.59
MinimumVisualStudioVersion = 10.0.40219.1
Project("{2150E333-8FDC-42A3-9474-1A3956D46DE8}") = "src", "src", "{1708B1C2-B9A8-456A-8647-28A59FFF20F2}"
EndProject
Project("{FAE04EC0-301F-11D3-BF4B-00C04F79EFBC}") = "OneBRC", "src\OneBRC\OneBRC.csproj", "{4C9E5D45-239D-4330-9982-4B3B32619931}"
EndProject
Project("{2150E333-8FDC-42A3-9474-1A3956D46DE8}") = "test", "test", "{0B63A480-E24C-4A10-94D4-87AEAEC3C72E}"
EndProject
Project("{FAE04EC0-301F-11D3-BF4B-00C04F79EFBC}") = "OneBRC.Tests", "test\OneBRC.Tests\OneBRC.Tests.csproj", "{C090FEA6-8780-4772-A761-CBA44532904D}"
EndProject
Project("{2150E333-8FDC-42A3-9474-1A3956D46DE8}") = "assets", "assets", "{4D10DD5A-46E5-4FCF-962E-E843EC89D72B}"
	ProjectSection(SolutionItems) = preProject
		weather_stations.csv = weather_stations.csv
	EndProjectSection
EndProject
Project("{FAE04EC0-301F-11D3-BF4B-00C04F79EFBC}") = "GenerateData", "src\GenerateData\GenerateData.csproj", "{5D88815F-5750-4C32-98EE-0A1C146D18DB}"
EndProject
Project("{2150E333-8FDC-42A3-9474-1A3956D46DE8}") = "benchmarks", "benchmarks", "{E8421D42-4537-4285-A85B-2458CC7E29C1}"
EndProject
Project("{FAE04EC0-301F-11D3-BF4B-00C04F79EFBC}") = "OneBRC.Benchmarks", "benchmarks\OneBRC.Benchmarks\OneBRC.Benchmarks.csproj", "{B256AAE9-D8FA-4157-B77D-161CCE1D45EC}"
EndProject
Project("{FAE04EC0-301F-11D3-BF4B-00C04F79EFBC}") = "Baseline", "src\Baseline\Baseline.csproj", "{53C6A5F3-3A54-4F2B-8820-A76395442AE3}"
EndProject
Project("{FAE04EC0-301F-11D3-BF4B-00C04F79EFBC}") = "Graveyard", "src\Graveyard\Graveyard.csproj", "{859D0598-5B43-4E0A-80DB-8EF8EF2DD398}"
EndProject
Global
	GlobalSection(SolutionConfigurationPlatforms) = preSolution
		Debug|Any CPU = Debug|Any CPU
		Release|Any CPU = Release|Any CPU
	EndGlobalSection
	GlobalSection(SolutionProperties) = preSolution
		HideSolutionNode = FALSE
	EndGlobalSection
	GlobalSection(ProjectConfigurationPlatforms) = postSolution
		{4C9E5D45-239D-4330-9982-4B3B32619931}.Debug|Any CPU.ActiveCfg = Debug|Any CPU
		{4C9E5D45-239D-4330-9982-4B3B32619931}.Debug|Any CPU.Build.0 = Debug|Any CPU
		{4C9E5D45-239D-4330-9982-4B3B32619931}.Release|Any CPU.ActiveCfg = Release|Any CPU
		{4C9E5D45-239D-4330-9982-4B3B32619931}.Release|Any CPU.Build.0 = Release|Any CPU
		{C090FEA6-8780-4772-A761-CBA44532904D}.Debug|Any CPU.ActiveCfg = Debug|Any CPU
		{C090FEA6-8780-4772-A761-CBA44532904D}.Debug|Any CPU.Build.0 = Debug|Any CPU
		{C090FEA6-8780-4772-A761-CBA44532904D}.Release|Any CPU.ActiveCfg = Release|Any CPU
		{C090FEA6-8780-4772-A761-CBA44532904D}.Release|Any CPU.Build.0 = Release|Any CPU
		{5D88815F-5750-4C32-98EE-0A1C146D18DB}.Debug|Any CPU.ActiveCfg = Debug|Any CPU
		{5D88815F-5750-4C32-98EE-0A1C146D18DB}.Debug|Any CPU.Build.0 = Debug|Any CPU
		{5D88815F-5750-4C32-98EE-0A1C146D18DB}.Release|Any CPU.ActiveCfg = Release|Any CPU
		{5D88815F-5750-4C32-98EE-0A1C146D18DB}.Release|Any CPU.Build.0 = Release|Any CPU
		{B256AAE9-D8FA-4157-B77D-161CCE1D45EC}.Debug|Any CPU.ActiveCfg = Debug|Any CPU
		{B256AAE9-D8FA-4157-B77D-161CCE1D45EC}.Debug|Any CPU.Build.0 = Debug|Any CPU
		{B256AAE9-D8FA-4157-B77D-161CCE1D45EC}.Release|Any CPU.ActiveCfg = Release|Any CPU
		{B256AAE9-D8FA-4157-B77D-161CCE1D45EC}.Release|Any CPU.Build.0 = Release|Any CPU
		{53C6A5F3-3A54-4F2B-8820-A76395442AE3}.Debug|Any CPU.ActiveCfg = Debug|Any CPU
		{53C6A5F3-3A54-4F2B-8820-A76395442AE3}.Debug|Any CPU.Build.0 = Debug|Any CPU
		{53C6A5F3-3A54-4F2B-8820-A76395442AE3}.Release|Any CPU.ActiveCfg = Release|Any CPU
		{53C6A5F3-3A54-4F2B-8820-A76395442AE3}.Release|Any CPU.Build.0 = Release|Any CPU
		{859D0598-5B43-4E0A-80DB-8EF8EF2DD398}.Debug|Any CPU.ActiveCfg = Debug|Any CPU
		{859D0598-5B43-4E0A-80DB-8EF8EF2DD398}.Debug|Any CPU.Build.0 = Debug|Any CPU
		{859D0598-5B43-4E0A-80DB-8EF8EF2DD398}.Release|Any CPU.ActiveCfg = Release|Any CPU
		{859D0598-5B43-4E0A-80DB-8EF8EF2DD398}.Release|Any CPU.Build.0 = Release|Any CPU
	EndGlobalSection
	GlobalSection(NestedProjects) = preSolution
		{4C9E5D45-239D-4330-9982-4B3B32619931} = {1708B1C2-B9A8-456A-8647-28A59FFF20F2}
		{C090FEA6-8780-4772-A761-CBA44532904D} = {0B63A480-E24C-4A10-94D4-87AEAEC3C72E}
		{5D88815F-5750-4C32-98EE-0A1C146D18DB} = {1708B1C2-B9A8-456A-8647-28A59FFF20F2}
		{B256AAE9-D8FA-4157-B77D-161CCE1D45EC} = {E8421D42-4537-4285-A85B-2458CC7E29C1}
		{53C6A5F3-3A54-4F2B-8820-A76395442AE3} = {1708B1C2-B9A8-456A-8647-28A59FFF20F2}
		{859D0598-5B43-4E0A-80DB-8EF8EF2DD398} = {1708B1C2-B9A8-456A-8647-28A59FFF20F2}
	EndGlobalSection
EndGlobal
